
Microsoft Visual Studio Solution File, Format Version 12.00
# Visual Studio 15
VisualStudioVersion = 15.0.27130.2027
MinimumVisualStudioVersion = 10.0.40219.1
Project("{F184B08F-C81C-45F6-A57F-5ABD9991F28F}") = "CMarqueeUI", "CTimeLineUI\CMarqueeUI.vbproj", "{B9E68645-885C-49F0-980B-AE52D7F48D50}"
EndProject
Global
	GlobalSection(SolutionConfigurationPlatforms) = preSolution
		Debug|Any CPU = Debug|Any CPU
		Release|Any CPU = Release|Any CPU
	EndGlobalSection
	GlobalSection(ProjectConfigurationPlatforms) = postSolution
		{B9E68645-885C-49F0-980B-AE52D7F48D50}.Debug|Any CPU.ActiveCfg = Debug|Any CPU
		{B9E68645-885C-49F0-980B-AE52D7F48D50}.Debug|Any CPU.Build.0 = Debug|Any CPU
		{B9E68645-885C-49F0-980B-AE52D7F48D50}.Release|Any CPU.ActiveCfg = Release|Any CPU
		{B9E68645-885C-49F0-980B-AE52D7F48D50}.Release|Any CPU.Build.0 = Release|Any CPU
	EndGlobalSection
	GlobalSection(SolutionProperties) = preSolution
		HideSolutionNode = FALSE
	EndGlobalSection
	GlobalSection(ExtensibilityGlobals) = postSolution
		SolutionGuid = {45537EAD-091E-422A-BC1A-92A10F479DC0}
	EndGlobalSection
EndGlobal
